// !$*UTF8*$!
{
	archiveVersion = 1;
	classes = {
	};
	objectVersion = 50;
	objects = {

/* Begin PBXBuildFile section */
		165B9F4A2143F1950006ACC8 /* AppDelegate.swift in Sources */ = {isa = PBXBuildFile; fileRef = 165B9F492143F1950006ACC8 /* AppDelegate.swift */; };
		165B9F4C2143F1950006ACC8 /* ViewController.swift in Sources */ = {isa = PBXBuildFile; fileRef = 165B9F4B2143F1950006ACC8 /* ViewController.swift */; };
		165B9F4F2143F1950006ACC8 /* Main.storyboard in Resources */ = {isa = PBXBuildFile; fileRef = 165B9F4D2143F1950006ACC8 /* Main.storyboard */; };
		165B9F522143F1950006ACC8 /* Tut_CocoaPods.xcdatamodeld in Sources */ = {isa = PBXBuildFile; fileRef = 165B9F502143F1950006ACC8 /* Tut_CocoaPods.xcdatamodeld */; };
		165B9F542143F1970006ACC8 /* Assets.xcassets in Resources */ = {isa = PBXBuildFile; fileRef = 165B9F532143F1970006ACC8 /* Assets.xcassets */; };
		165B9F572143F1970006ACC8 /* LaunchScreen.storyboard in Resources */ = {isa = PBXBuildFile; fileRef = 165B9F552143F1970006ACC8 /* LaunchScreen.storyboard */; };
		2EA769E7B1E80872F0570685 /* Pods_Tut_CocoaPods.framework in Frameworks */ = {isa = PBXBuildFile; fileRef = F104C0EBF7AFEB1E0C21DD02 /* Pods_Tut_CocoaPods.framework */; };
/* End PBXBuildFile section */

/* Begin PBXFileReference section */
		165B9F462143F1950006ACC8 /* Tut_CocoaPods.app */ = {isa = PBXFileReference; explicitFileType = wrapper.application; includeInIndex = 0; path = Tut_CocoaPods.app; sourceTree = BUILT_PRODUCTS_DIR; };
		165B9F492143F1950006ACC8 /* AppDelegate.swift */ = {isa = PBXFileReference; lastKnownFileType = sourcecode.swift; path = AppDelegate.swift; sourceTree = "<group>"; };
		165B9F4B2143F1950006ACC8 /* ViewController.swift */ = {isa = PBXFileReference; lastKnownFileType = sourcecode.swift; path = ViewController.swift; sourceTree = "<group>"; };
		165B9F4E2143F1950006ACC8 /* Base */ = {isa = PBXFileReference; lastKnownFileType = file.storyboard; name = Base; path = Base.lproj/Main.storyboard; sourceTree = "<group>"; };
		165B9F512143F1950006ACC8 /* Tut_CocoaPods.xcdatamodel */ = {isa = PBXFileReference; lastKnownFileType = wrapper.xcdatamodel; path = Tut_CocoaPods.xcdatamodel; sourceTree = "<group>"; };
		165B9F532143F1970006ACC8 /* Assets.xcassets */ = {isa = PBXFileReference; lastKnownFileType = folder.assetcatalog; path = Assets.xcassets; sourceTree = "<group>"; };
		165B9F562143F1970006ACC8 /* Base */ = {isa = PBXFileReference; lastKnownFileType = file.storyboard; name = Base; path = Base.lproj/LaunchScreen.storyboard; sourceTree = "<group>"; };
		165B9F582143F1970006ACC8 /* Info.plist */ = {isa = PBXFileReference; lastKnownFileType = text.plist.xml; path = Info.plist; sourceTree = "<group>"; };
		8C868C48A78711CA93956A5F /* Pods-Tut_CocoaPods.debug.xcconfig */ = {isa = PBXFileReference; includeInIndex = 1; lastKnownFileType = text.xcconfig; name = "Pods-Tut_CocoaPods.debug.xcconfig"; path = "Pods/Target Support Files/Pods-Tut_CocoaPods/Pods-Tut_CocoaPods.debug.xcconfig"; sourceTree = "<group>"; };
		DEADEC71D2B65182B684287D /* Pods-Tut_CocoaPods.release.xcconfig */ = {isa = PBXFileReference; includeInIndex = 1; lastKnownFileType = text.xcconfig; name = "Pods-Tut_CocoaPods.release.xcconfig"; path = "Pods/Target Support Files/Pods-Tut_CocoaPods/Pods-Tut_CocoaPods.release.xcconfig"; sourceTree = "<group>"; };
		F104C0EBF7AFEB1E0C21DD02 /* Pods_Tut_CocoaPods.framework */ = {isa = PBXFileReference; explicitFileType = wrapper.framework; includeInIndex = 0; path = Pods_Tut_CocoaPods.framework; sourceTree = BUILT_PRODUCTS_DIR; };
/* End PBXFileReference section */

/* Begin PBXFrameworksBuildPhase section */
		165B9F432143F1950006ACC8 /* Frameworks */ = {
			isa = PBXFrameworksBuildPhase;
			buildActionMask = 2147483647;
			files = (
				2EA769E7B1E80872F0570685 /* Pods_Tut_CocoaPods.framework in Frameworks */,
			);
			runOnlyForDeploymentPostprocessing = 0;
		};
/* End PBXFrameworksBuildPhase section */

/* Begin PBXGroup section */
		09CC23DDEE02EB2615CDF3DB /* Frameworks */ = {
			isa = PBXGroup;
			children = (
				F104C0EBF7AFEB1E0C21DD02 /* Pods_Tut_CocoaPods.framework */,
			);
			name = Frameworks;
			sourceTree = "<group>";
		};
		165B9F3D2143F1950006ACC8 = {
			isa = PBXGroup;
			children = (
				165B9F482143F1950006ACC8 /* Tut_CocoaPods */,
				165B9F472143F1950006ACC8 /* Products */,
				E3E82C2AD640F44EAB8B59F6 /* Pods */,
				09CC23DDEE02EB2615CDF3DB /* Frameworks */,
			);
			sourceTree = "<group>";
		};
		165B9F472143F1950006ACC8 /* Products */ = {
			isa = PBXGroup;
			children = (
				165B9F462143F1950006ACC8 /* Tut_CocoaPods.app */,
			);
			name = Products;
			sourceTree = "<group>";
		};
		165B9F482143F1950006ACC8 /* Tut_CocoaPods */ = {
			isa = PBXGroup;
			children = (
				165B9F492143F1950006ACC8 /* AppDelegate.swift */,
				165B9F4B2143F1950006ACC8 /* ViewController.swift */,
				165B9F4D2143F1950006ACC8 /* Main.storyboard */,
				165B9F532143F1970006ACC8 /* Assets.xcassets */,
				165B9F552143F1970006ACC8 /* LaunchScreen.storyboard */,
				165B9F582143F1970006ACC8 /* Info.plist */,
				165B9F502143F1950006ACC8 /* Tut_CocoaPods.xcdatamodeld */,
			);
			path = Tut_CocoaPods;
			sourceTree = "<group>";
		};
		E3E82C2AD640F44EAB8B59F6 /* Pods */ = {
			isa = PBXGroup;
			children = (
				8C868C48A78711CA93956A5F /* Pods-Tut_CocoaPods.debug.xcconfig */,
				DEADEC71D2B65182B684287D /* Pods-Tut_CocoaPods.release.xcconfig */,
			);
			name = Pods;
			sourceTree = "<group>";
		};
/* End PBXGroup section */

/* Begin PBXNativeTarget section */
		165B9F452143F1950006ACC8 /* Tut_CocoaPods */ = {
			isa = PBXNativeTarget;
			buildConfigurationList = 165B9F5B2143F1970006ACC8 /* Build configuration list for PBXNativeTarget "Tut_CocoaPods" */;
			buildPhases = (
				C9D3FF66343E8C62BFCBF54F /* [CP] Check Pods Manifest.lock */,
				165B9F422143F1950006ACC8 /* Sources */,
				165B9F432143F1950006ACC8 /* Frameworks */,
				165B9F442143F1950006ACC8 /* Resources */,
				B1132272AC59EA8CB78807FD /* [CP] Embed Pods Frameworks */,
			);
			buildRules = (
			);
			dependencies = (
			);
			name = Tut_CocoaPods;
			productName = Tut_CocoaPods;
			productReference = 165B9F462143F1950006ACC8 /* Tut_CocoaPods.app */;
			productType = "com.apple.product-type.application";
		};
/* End PBXNativeTarget section */

/* Begin PBXProject section */
		165B9F3E2143F1950006ACC8 /* Project object */ = {
			isa = PBXProject;
			attributes = {
				LastSwiftUpdateCheck = 0940;
				LastUpgradeCheck = 0940;
				ORGANIZATIONNAME = "Eray Alparslan";
				TargetAttributes = {
					165B9F452143F1950006ACC8 = {
						CreatedOnToolsVersion = 9.4.1;
					};
				};
			};
			buildConfigurationList = 165B9F412143F1950006ACC8 /* Build configuration list for PBXProject "Tut_CocoaPods" */;
			compatibilityVersion = "Xcode 9.3";
			developmentRegion = en;
			hasScannedForEncodings = 0;
			knownRegions = (
				en,
				Base,
			);
			mainGroup = 165B9F3D2143F1950006ACC8;
			productRefGroup = 165B9F472143F1950006ACC8 /* Products */;
			projectDirPath = "";
			projectRoot = "";
			targets = (
				165B9F452143F1950006ACC8 /* Tut_CocoaPods */,
			);
		};
/* End PBXProject section */

/* Begin PBXResourcesBuildPhase section */
		165B9F442143F1950006ACC8 /* Resources */ = {
			isa = PBXResourcesBuildPhase;
			buildActionMask = 2147483647;
			files = (
				165B9F572143F1970006ACC8 /* LaunchScreen.storyboard in Resources */,
				165B9F542143F1970006ACC8 /* Assets.xcassets in Resources */,
				165B9F4F2143F1950006ACC8 /* Main.storyboard in Resources */,
			);
			runOnlyForDeploymentPostprocessing = 0;
		};
/* End PBXResourcesBuildPhase section */

/* Begin PBXShellScriptBuildPhase section */
		B1132272AC59EA8CB78807FD /* [CP] Embed Pods Frameworks */ = {
			isa = PBXShellScriptBuildPhase;
			buildActionMask = 2147483647;
			files = (
			);
			inputFileListPaths = (
			);
			inputPaths = (
				"${SRCROOT}/Pods/Target Support Files/Pods-Tut_CocoaPods/Pods-Tut_CocoaPods-frameworks.sh",
				"${BUILT_PRODUCTS_DIR}/MaterialTextField/MaterialTextField.framework",
			);
			name = "[CP] Embed Pods Frameworks";
			outputFileListPaths = (
			);
			outputPaths = (
				"${TARGET_BUILD_DIR}/${FRAMEWORKS_FOLDER_PATH}/MaterialTextField.framework",
			);
			runOnlyForDeploymentPostprocessing = 0;
			shellPath = /bin/sh;
			shellScript = "\"${SRCROOT}/Pods/Target Support Files/Pods-Tut_CocoaPods/Pods-Tut_CocoaPods-frameworks.sh\"\n";
			showEnvVarsInLog = 0;
		};
		C9D3FF66343E8C62BFCBF54F /* [CP] Check Pods Manifest.lock */ = {
			isa = PBXShellScriptBuildPhase;
			buildActionMask = 2147483647;
			files = (
			);
			inputFileListPaths = (
			);
			inputPaths = (
				"${PODS_PODFILE_DIR_PATH}/Podfile.lock",
				"${PODS_ROOT}/Manifest.lock",
			);
			name = "[CP] Check Pods Manifest.lock";
			outputFileListPaths = (
			);
			outputPaths = (
				"$(DERIVED_FILE_DIR)/Pods-Tut_CocoaPods-checkManifestLockResult.txt",
			);
			runOnlyForDeploymentPostprocessing = 0;
			shellPath = /bin/sh;
			shellScript = "diff \"${PODS_PODFILE_DIR_PATH}/Podfile.lock\" \"${PODS_ROOT}/Manifest.lock\" > /dev/null\nif [ $? != 0 ] ; then\n    # print error to STDERR\n    echo \"error: The sandbox is not in sync with the Podfile.lock. Run 'pod install' or update your CocoaPods installation.\" >&2\n    exit 1\nfi\n# This output is used by Xcode 'outputs' to avoid re-running this script phase.\necho \"SUCCESS\" > \"${SCRIPT_OUTPUT_FILE_0}\"\n";
			showEnvVarsInLog = 0;
		};
/* End PBXShellScriptBuildPhase section */

/* Begin PBXSourcesBuildPhase section */
		165B9F422143F1950006ACC8 /* Sources */ = {
			isa = PBXSourcesBuildPhase;
			buildActionMask = 2147483647;
			files = (
				165B9F522143F1950006ACC8 /* Tut_CocoaPods.xcdatamodeld in Sources */,
				165B9F4C2143F1950006ACC8 /* ViewController.swift in Sources */,
				165B9F4A2143F1950006ACC8 /* AppDelegate.swift in Sources */,
			);
			runOnlyForDeploymentPostprocessing = 0;
		};
/* End PBXSourcesBuildPhase section */

/* Begin PBXVariantGroup section */
		165B9F4D2143F1950006ACC8 /* Main.storyboard */ = {
			isa = PBXVariantGroup;
			children = (
				165B9F4E2143F1950006ACC8 /* Base */,
			);
			name = Main.storyboard;
			sourceTree = "<group>";
		};
		165B9F552143F1970006ACC8 /* LaunchScreen.storyboard */ = {
			isa = PBXVariantGroup;
			children = (
				165B9F562143F1970006ACC8 /* Base */,
			);
			name = LaunchScreen.storyboard;
			sourceTree = "<group>";
		};
/* End PBXVariantGroup section */

/* Begin XCBuildConfiguration section */
		165B9F592143F1970006ACC8 /* Debug */ = {
			isa = XCBuildConfiguration;
			buildSettings = {
				ALWAYS_SEARCH_USER_PATHS = NO;
				CLANG_ANALYZER_NONNULL = YES;
				CLANG_ANALYZER_NUMBER_OBJECT_CONVERSION = YES_AGGRESSIVE;
				CLANG_CXX_LANGUAGE_STANDARD = "gnu++14";
				CLANG_CXX_LIBRARY = "libc++";
				CLANG_ENABLE_MODULES = YES;
				CLANG_ENABLE_OBJC_ARC = YES;
				CLANG_ENABLE_OBJC_WEAK = YES;
				CLANG_WARN_BLOCK_CAPTURE_AUTORELEASING = YES;
				CLANG_WARN_BOOL_CONVERSION = YES;
				CLANG_WARN_COMMA = YES;
				CLANG_WARN_CONSTANT_CONVERSION = YES;
				CLANG_WARN_DEPRECATED_OBJC_IMPLEMENTATIONS = YES;
				CLANG_WARN_DIRECT_OBJC_ISA_USAGE = YES_ERROR;
				CLANG_WARN_DOCUMENTATION_COMMENTS = YES;
				CLANG_WARN_EMPTY_BODY = YES;
				CLANG_WARN_ENUM_CONVERSION = YES;
				CLANG_WARN_INFINITE_RECURSION = YES;
				CLANG_WARN_INT_CONVERSION = YES;
				CLANG_WARN_NON_LITERAL_NULL_CONVERSION = YES;
				CLANG_WARN_OBJC_IMPLICIT_RETAIN_SELF = YES;
				CLANG_WARN_OBJC_LITERAL_CONVERSION = YES;
				CLANG_WARN_OBJC_ROOT_CLASS = YES_ERROR;
				CLANG_WARN_RANGE_LOOP_ANALYSIS = YES;
				CLANG_WARN_STRICT_PROTOTYPES = YES;
				CLANG_WARN_SUSPICIOUS_MOVE = YES;
				CLANG_WARN_UNGUARDED_AVAILABILITY = YES_AGGRESSIVE;
				CLANG_WARN_UNREACHABLE_CODE = YES;
				CLANG_WARN__DUPLICATE_METHOD_MATCH = YES;
				CODE_SIGN_IDENTITY = "iPhone Developer";
				COPY_PHASE_STRIP = NO;
				DEBUG_INFORMATION_FORMAT = dwarf;
				ENABLE_STRICT_OBJC_MSGSEND = YES;
				ENABLE_TESTABILITY = YES;
				GCC_C_LANGUAGE_STANDARD = gnu11;
				GCC_DYNAMIC_NO_PIC = NO;
				GCC_NO_COMMON_BLOCKS = YES;
				GCC_OPTIMIZATION_LEVEL = 0;
				GCC_PREPROCESSOR_DEFINITIONS = (
					"DEBUG=1",
					"$(inherited)",
				);
				GCC_WARN_64_TO_32_BIT_CONVERSION = YES;
				GCC_WARN_ABOUT_RETURN_TYPE = YES_ERROR;
				GCC_WARN_UNDECLARED_SELECTOR = YES;
				GCC_WARN_UNINITIALIZED_AUTOS = YES_AGGRESSIVE;
				GCC_WARN_UNUSED_FUNCTION = YES;
				GCC_WARN_UNUSED_VARIABLE = YES;
				IPHONEOS_DEPLOYMENT_TARGET = 11.4;
				MTL_ENABLE_DEBUG_INFO = YES;
				ONLY_ACTIVE_ARCH = YES;
				SDKROOT = iphoneos;
				SWIFT_ACTIVE_COMPILATION_CONDITIONS = DEBUG;
				SWIFT_OPTIMIZATION_LEVEL = "-Onone";
			};
			name = Debug;
		};
		165B9F5A2143F1970006ACC8 /* Release */ = {
			isa = XCBuildConfiguration;
			buildSettings = {
				ALWAYS_SEARCH_USER_PATHS = NO;
				CLANG_ANALYZER_NONNULL = YES;
				CLANG_ANALYZER_NUMBER_OBJECT_CONVERSION = YES_AGGRESSIVE;
				CLANG_CXX_LANGUAGE_STANDARD = "gnu++14";
				CLANG_CXX_LIBRARY = "libc++";
				CLANG_ENABLE_MODULES = YES;
				CLANG_ENABLE_OBJC_ARC = YES;
				CLANG_ENABLE_OBJC_WEAK = YES;
				CLANG_WARN_BLOCK_CAPTURE_AUTORELEASING = YES;
				CLANG_WARN_BOOL_CONVERSION = YES;
				CLANG_WARN_COMMA = YES;
				CLANG_WARN_CONSTANT_CONVERSION = YES;
				CLANG_WARN_DEPRECATED_OBJC_IMPLEMENTATIONS = YES;
				CLANG_WARN_DIRECT_OBJC_ISA_USAGE = YES_ERROR;
				CLANG_WARN_DOCUMENTATION_COMMENTS = YES;
				CLANG_WARN_EMPTY_BODY = YES;
				CLANG_WARN_ENUM_CONVERSION = YES;
				CLANG_WARN_INFINITE_RECURSION = YES;
				CLANG_WARN_INT_CONVERSION = YES;
				CLANG_WARN_NON_LITERAL_NULL_CONVERSION = YES;
				CLANG_WARN_OBJC_IMPLICIT_RETAIN_SELF = YES;
				CLANG_WARN_OBJC_LITERAL_CONVERSION = YES;
				CLANG_WARN_OBJC_ROOT_CLASS = YES_ERROR;
				CLANG_WARN_RANGE_LOOP_ANALYSIS = YES;
				CLANG_WARN_STRICT_PROTOTYPES = YES;
				CLANG_WARN_SUSPICIOUS_MOVE = YES;
				CLANG_WARN_UNGUARDED_AVAILABILITY = YES_AGGRESSIVE;
				CLANG_WARN_UNREACHABLE_CODE = YES;
				CLANG_WARN__DUPLICATE_METHOD_MATCH = YES;
				CODE_SIGN_IDENTITY = "iPhone Developer";
				COPY_PHASE_STRIP = NO;
				DEBUG_INFORMATION_FORMAT = "dwarf-with-dsym";
				ENABLE_NS_ASSERTIONS = NO;
				ENABLE_STRICT_OBJC_MSGSEND = YES;
				GCC_C_LANGUAGE_STANDARD = gnu11;
				GCC_NO_COMMON_BLOCKS = YES;
				GCC_WARN_64_TO_32_BIT_CONVERSION = YES;
				GCC_WARN_ABOUT_RETURN_TYPE = YES_ERROR;
				GCC_WARN_UNDECLARED_SELECTOR = YES;
				GCC_WARN_UNINITIALIZED_AUTOS = YES_AGGRESSIVE;
				GCC_WARN_UNUSED_FUNCTION = YES;
				GCC_WARN_UNUSED_VARIABLE = YES;
				IPHONEOS_DEPLOYMENT_TARGET = 11.4;
				MTL_ENABLE_DEBUG_INFO = NO;
				SDKROOT = iphoneos;
				SWIFT_COMPILATION_MODE = wholemodule;
				SWIFT_OPTIMIZATION_LEVEL = "-O";
				VALIDATE_PRODUCT = YES;
			};
			name = Release;
		};
		165B9F5C2143F1970006ACC8 /* Debug */ = {
			isa = XCBuildConfiguration;
			baseConfigurationReference = 8C868C48A78711CA93956A5F /* Pods-Tut_CocoaPods.debug.xcconfig */;
			buildSettings = {
				ASSETCATALOG_COMPILER_APPICON_NAME = AppIcon;
				CODE_SIGN_STYLE = Automatic;
				DEVELOPMENT_TEAM = XN294VVZ35;
				INFOPLIST_FILE = Tut_CocoaPods/Info.plist;
				LD_RUNPATH_SEARCH_PATHS = (
					"$(inherited)",
					"@executable_path/Frameworks",
				);
				PRODUCT_BUNDLE_IDENTIFIER = "com.erayalparslan.Tut-CocoaPods";
				PRODUCT_NAME = "$(TARGET_NAME)";
				SWIFT_VERSION = 4.0;
				TARGETED_DEVICE_FAMILY = "1,2";
			};
			name = Debug;
		};
		165B9F5D2143F1970006ACC8 /* Release */ = {
			isa = XCBuildConfiguration;
			baseConfigurationReference = DEADEC71D2B65182B684287D /* Pods-Tut_CocoaPods.release.xcconfig */;
			buildSettings = {
				ASSETCATALOG_COMPILER_APPICON_NAME = AppIcon;
				CODE_SIGN_STYLE = Automatic;
				DEVELOPMENT_TEAM = XN294VVZ35;
				INFOPLIST_FILE = Tut_CocoaPods/Info.plist;
				LD_RUNPATH_SEARCH_PATHS = (
					"$(inherited)",
					"@executable_path/Frameworks",
				);
				PRODUCT_BUNDLE_IDENTIFIER = "com.erayalparslan.Tut-CocoaPods";
				PRODUCT_NAME = "$(TARGET_NAME)";
				SWIFT_VERSION = 4.0;
				TARGETED_DEVICE_FAMILY = "1,2";
			};
			name = Release;
		};
/* End XCBuildConfiguration section */

/* Begin XCConfigurationList section */
		165B9F412143F1950006ACC8 /* Build configuration list for PBXProject "Tut_CocoaPods" */ = {
			isa = XCConfigurationList;
			buildConfigurations = (
				165B9F592143F1970006ACC8 /* Debug */,
				165B9F5A2143F1970006ACC8 /* Release */,
			);
			defaultConfigurationIsVisible = 0;
			defaultConfigurationName = Release;
		};
		165B9F5B2143F1970006ACC8 /* Build configuration list for PBXNativeTarget "Tut_CocoaPods" */ = {
			isa = XCConfigurationList;
			buildConfigurations = (
				165B9F5C2143F1970006ACC8 /* Debug */,
				165B9F5D2143F1970006ACC8 /* Release */,
			);
			defaultConfigurationIsVisible = 0;
			defaultConfigurationName = Release;
		};
/* End XCConfigurationList section */

/* Begin XCVersionGroup section */
		165B9F502143F1950006ACC8 /* Tut_CocoaPods.xcdatamodeld */ = {
			isa = XCVersionGroup;
			children = (
				165B9F512143F1950006ACC8 /* Tut_CocoaPods.xcdatamodel */,
			);
			currentVersion = 165B9F512143F1950006ACC8 /* Tut_CocoaPods.xcdatamodel */;
			path = Tut_CocoaPods.xcdatamodeld;
			sourceTree = "<group>";
			versionGroupType = wrapper.xcdatamodel;
		};
/* End XCVersionGroup section */
	};
	rootObject = 165B9F3E2143F1950006ACC8 /* Project object */;
}
